
Microsoft Visual Studio Solution File, Format Version 12.00
# Visual Studio 15
VisualStudioVersion = 15.0.28010.2026
MinimumVisualStudioVersion = 10.0.40219.1
Project("{FAE04EC0-301F-11D3-BF4B-00C04F79EFBC}") = "TestingClassNetApp", "TestingClassNetApp\TestingClassNetApp.csproj", "{6B15C7D8-B356-4693-B809-CA021A663F41}"
	ProjectSection(ProjectDependencies) = postProject
		{6FCC396D-6438-4AEB-9ACB-E554681AB347} = {6FCC396D-6438-4AEB-9ACB-E554681AB347}
	EndProjectSection
EndProject
Project("{FAE04EC0-301F-11D3-BF4B-00C04F79EFBC}") = "GoogleVisionResultsLibrary", "..\GoogleVisionResultsLibrary\GoogleVisionResultsLibrary\GoogleVisionResultsLibrary.csproj", "{6FCC396D-6438-4AEB-9ACB-E554681AB347}"
EndProject
Global
	GlobalSection(SolutionConfigurationPlatforms) = preSolution
		Debug|Any CPU = Debug|Any CPU
		Release|Any CPU = Release|Any CPU
	EndGlobalSection
	GlobalSection(ProjectConfigurationPlatforms) = postSolution
		{6B15C7D8-B356-4693-B809-CA021A663F41}.Debug|Any CPU.ActiveCfg = Debug|Any CPU
		{6B15C7D8-B356-4693-B809-CA021A663F41}.Debug|Any CPU.Build.0 = Debug|Any CPU
		{6B15C7D8-B356-4693-B809-CA021A663F41}.Release|Any CPU.ActiveCfg = Release|Any CPU
		{6B15C7D8-B356-4693-B809-CA021A663F41}.Release|Any CPU.Build.0 = Release|Any CPU
		{6FCC396D-6438-4AEB-9ACB-E554681AB347}.Debug|Any CPU.ActiveCfg = Debug|Any CPU
		{6FCC396D-6438-4AEB-9ACB-E554681AB347}.Debug|Any CPU.Build.0 = Debug|Any CPU
		{6FCC396D-6438-4AEB-9ACB-E554681AB347}.Release|Any CPU.ActiveCfg = Release|Any CPU
		{6FCC396D-6438-4AEB-9ACB-E554681AB347}.Release|Any CPU.Build.0 = Release|Any CPU
	EndGlobalSection
	GlobalSection(SolutionProperties) = preSolution
		HideSolutionNode = FALSE
	EndGlobalSection
	GlobalSection(ExtensibilityGlobals) = postSolution
		SolutionGuid = {CEEB7BC0-7384-4813-847D-2B61E036803C}
	EndGlobalSection
EndGlobal
